
Microsoft Visual Studio Solution File, Format Version 12.00
# Visual Studio Version 16
VisualStudioVersion = 16.0.30523.141
MinimumVisualStudioVersion = 10.0.40219.1
Project("{8BC9CEB8-8B4A-11D0-8D11-00A0C91BC942}") = "MFCApplication1", "MFCApplication1\MFCApplication1.vcxproj", "{C8639BE1-2703-4060-8826-B7AC908D95DE}"
EndProject
Global
	GlobalSection(SolutionConfigurationPlatforms) = preSolution
		Debug|x64 = Debug|x64
		Debug|x86 = Debug|x86
		Release|x64 = Release|x64
		Release|x86 = Release|x86
	EndGlobalSection
	GlobalSection(ProjectConfigurationPlatforms) = postSolution
		{C8639BE1-2703-4060-8826-B7AC908D95DE}.Debug|x64.ActiveCfg = Debug|x64
		{C8639BE1-2703-4060-8826-B7AC908D95DE}.Debug|x64.Build.0 = Debug|x64
		{C8639BE1-2703-4060-8826-B7AC908D95DE}.Debug|x86.ActiveCfg = Debug|Win32
		{C8639BE1-2703-4060-8826-B7AC908D95DE}.Debug|x86.Build.0 = Debug|Win32
		{C8639BE1-2703-4060-8826-B7AC908D95DE}.Release|x64.ActiveCfg = Release|x64
		{C8639BE1-2703-4060-8826-B7AC908D95DE}.Release|x64.Build.0 = Release|x64
		{C8639BE1-2703-4060-8826-B7AC908D95DE}.Release|x86.ActiveCfg = Release|Win32
		{C8639BE1-2703-4060-8826-B7AC908D95DE}.Release|x86.Build.0 = Release|Win32
	EndGlobalSection
	GlobalSection(SolutionProperties) = preSolution
		HideSolutionNode = FALSE
	EndGlobalSection
	GlobalSection(ExtensibilityGlobals) = postSolution
		SolutionGuid = {1A7050BC-B229-45E6-AF5E-730E3156DC03}
	EndGlobalSection
EndGlobal
